{
  "name": "deps-dev-cli",
  "version": "1.0.0",
  "lockfileVersion": 3,
  "requires": true,
  "packages": {
    "": {
      "name": "deps-dev-cli",
      "version": "1.0.0",
      "license": "UNLICENSED",
      "dependencies": {
        "commander": "^12.1.0",
        "cvss": "^1.0.5"
      },
      "bin": {
        "vulnerability": "src/cli.js"
      },
      "engines": {
        "node": ">=18"
      }
    },
    "node_modules/commander": {
      "version": "12.1.0",
      "resolved": "https://registry.npmjs.org/commander/-/commander-12.1.0.tgz",
      "integrity": "sha512-Vw8qHK3bZM9y/P10u3Vib8o/DdkvA2OtPtZvD871QKjy74Wj1WSKFILMPRPSdUSx5RFK1arlJzEtA4PkFgnbuA==",
      "license": "MIT",
      "engines": {
        "node": ">=18"
      }
    },
    "node_modules/cvss": {
      "version": "1.0.5",
      "resolved": "https://registry.npmjs.org/cvss/-/cvss-1.0.5.tgz",
      "integrity": "sha512-lfApnkcBoP+3viCUFOrqRmeqsyoIuiXouYg3Gt+1f3wsYzm1xDXnvyyMiPGoODFYWnoAl9LHPWWJH5zM6HaUoA==",
      "license": "ISC"
    }
  }
}
